// !$*UTF8*$!
{
	archiveVersion = 1;
	classes = {
	};
	objectVersion = 46;
	objects = {

/* Begin PBXBuildFile section */
		E947C52F17138B3300E8AA3E /* TAKFoursquareAuthorizationView.m in Sources */ = {isa = PBXBuildFile; fileRef = E947C52E17138B3300E8AA3E /* TAKFoursquareAuthorizationView.m */; };
		E947C5321713991300E8AA3E /* UIView+FindNextViewController.m in Sources */ = {isa = PBXBuildFile; fileRef = E947C5311713991300E8AA3E /* UIView+FindNextViewController.m */; };
		E981EE7F16FFD951008717C9 /* TAKMainMenuViewController.m in Sources */ = {isa = PBXBuildFile; fileRef = E981EE7E16FFD951008717C9 /* TAKMainMenuViewController.m */; };
		E981EE8316FFEDC0008717C9 /* TAKReminderMasterViewController.m in Sources */ = {isa = PBXBuildFile; fileRef = E981EE8216FFEDC0008717C9 /* TAKReminderMasterViewController.m */; };
		E990AD771714B65D007EA467 /* TAKFoursquareDataController.m in Sources */ = {isa = PBXBuildFile; fileRef = E990AD761714B65D007EA467 /* TAKFoursquareDataController.m */; };
		E9BF224A170E5D8400E928AF /* TAKSearchResultsTableView.m in Sources */ = {isa = PBXBuildFile; fileRef = E9BF2249170E5D8400E928AF /* TAKSearchResultsTableView.m */; };
		E9D1251F16FEA7930057DC74 /* TAKGeocoder.m in Sources */ = {isa = PBXBuildFile; fileRef = E9D1251E16FEA7930057DC74 /* TAKGeocoder.m */; };
		E9D1252416FEA8010057DC74 /* TAKGeocoderTests.m in Sources */ = {isa = PBXBuildFile; fileRef = E9D1252316FEA8010057DC74 /* TAKGeocoderTests.m */; };
		E9D1252716FEA82F0057DC74 /* TAKMapViewTests.m in Sources */ = {isa = PBXBuildFile; fileRef = E9D1252616FEA82F0057DC74 /* TAKMapViewTests.m */; };
		E9D1252916FEC01C0057DC74 /* AddressBookUI.framework in Frameworks */ = {isa = PBXBuildFile; fileRef = E9D1252816FEC01C0057DC74 /* AddressBookUI.framework */; };
		E9D1252A16FEC0250057DC74 /* AddressBookUI.framework in Frameworks */ = {isa = PBXBuildFile; fileRef = E9D1252816FEC01C0057DC74 /* AddressBookUI.framework */; };
		E9DA005B16FA3B4F00A76D42 /* UIKit.framework in Frameworks */ = {isa = PBXBuildFile; fileRef = E9DA005A16FA3B4F00A76D42 /* UIKit.framework */; };
		E9DA005D16FA3B4F00A76D42 /* Foundation.framework in Frameworks */ = {isa = PBXBuildFile; fileRef = E9DA005C16FA3B4F00A76D42 /* Foundation.framework */; };
		E9DA005F16FA3B4F00A76D42 /* CoreGraphics.framework in Frameworks */ = {isa = PBXBuildFile; fileRef = E9DA005E16FA3B4F00A76D42 /* CoreGraphics.framework */; };
		E9DA006516FA3B4F00A76D42 /* InfoPlist.strings in Resources */ = {isa = PBXBuildFile; fileRef = E9DA006316FA3B4F00A76D42 /* InfoPlist.strings */; };
		E9DA006716FA3B4F00A76D42 /* main.m in Sources */ = {isa = PBXBuildFile; fileRef = E9DA006616FA3B4F00A76D42 /* main.m */; };
		E9DA006B16FA3B4F00A76D42 /* TAKAppDelegate.m in Sources */ = {isa = PBXBuildFile; fileRef = E9DA006A16FA3B4F00A76D42 /* TAKAppDelegate.m */; };
		E9DA006D16FA3B4F00A76D42 /* Default.png in Resources */ = {isa = PBXBuildFile; fileRef = E9DA006C16FA3B4F00A76D42 /* Default.png */; };
		E9DA006F16FA3B4F00A76D42 /* Default@2x.png in Resources */ = {isa = PBXBuildFile; fileRef = E9DA006E16FA3B4F00A76D42 /* Default@2x.png */; };
		E9DA007116FA3B4F00A76D42 /* Default-568h@2x.png in Resources */ = {isa = PBXBuildFile; fileRef = E9DA007016FA3B4F00A76D42 /* Default-568h@2x.png */; };
		E9DA007716FA3B4F00A76D42 /* TAKLocalSearchResultsViewController_iPhone.xib in Resources */ = {isa = PBXBuildFile; fileRef = E9DA007516FA3B4F00A76D42 /* TAKLocalSearchResultsViewController_iPhone.xib */; };
		E9DA007A16FA3B4F00A76D42 /* TAKLocalSearchResultsViewController_iPad.xib in Resources */ = {isa = PBXBuildFile; fileRef = E9DA007816FA3B4F00A76D42 /* TAKLocalSearchResultsViewController_iPad.xib */; };
		E9DA008216FA3B5000A76D42 /* SenTestingKit.framework in Frameworks */ = {isa = PBXBuildFile; fileRef = E9DA008116FA3B5000A76D42 /* SenTestingKit.framework */; };
		E9DA008316FA3B5000A76D42 /* UIKit.framework in Frameworks */ = {isa = PBXBuildFile; fileRef = E9DA005A16FA3B4F00A76D42 /* UIKit.framework */; };
		E9DA008416FA3B5000A76D42 /* Foundation.framework in Frameworks */ = {isa = PBXBuildFile; fileRef = E9DA005C16FA3B4F00A76D42 /* Foundation.framework */; };
		E9DA008C16FA3B5000A76D42 /* InfoPlist.strings in Resources */ = {isa = PBXBuildFile; fileRef = E9DA008A16FA3B5000A76D42 /* InfoPlist.strings */; };
		E9DA008F16FA3B5000A76D42 /* LocationAwareAppTests.m in Sources */ = {isa = PBXBuildFile; fileRef = E9DA008E16FA3B5000A76D42 /* LocationAwareAppTests.m */; };
		E9DA009916FA3D4700A76D42 /* CoreLocation.framework in Frameworks */ = {isa = PBXBuildFile; fileRef = E9DA009816FA3D4700A76D42 /* CoreLocation.framework */; };
		E9DA009B16FA3D5200A76D42 /* MapKit.framework in Frameworks */ = {isa = PBXBuildFile; fileRef = E9DA009A16FA3D5200A76D42 /* MapKit.framework */; };
		E9DA009D16FA3D5E00A76D42 /* QuartzCore.framework in Frameworks */ = {isa = PBXBuildFile; fileRef = E9DA009C16FA3D5E00A76D42 /* QuartzCore.framework */; };
		E9DA00A116FA6F6500A76D42 /* TAKLocationController.m in Sources */ = {isa = PBXBuildFile; fileRef = E9DA00A016FA6F6500A76D42 /* TAKLocationController.m */; };
		E9DA00A516FA965A00A76D42 /* TAKLocationControllerTests.m in Sources */ = {isa = PBXBuildFile; fileRef = E9DA00A416FA965A00A76D42 /* TAKLocationControllerTests.m */; };
		E9DA00A716FA998700A76D42 /* CoreLocation.framework in Frameworks */ = {isa = PBXBuildFile; fileRef = E9DA009816FA3D4700A76D42 /* CoreLocation.framework */; };
		E9DA00A816FA999A00A76D42 /* MapKit.framework in Frameworks */ = {isa = PBXBuildFile; fileRef = E9DA009A16FA3D5200A76D42 /* MapKit.framework */; };
		E9DA00A916FA99A100A76D42 /* QuartzCore.framework in Frameworks */ = {isa = PBXBuildFile; fileRef = E9DA009C16FA3D5E00A76D42 /* QuartzCore.framework */; };
		E9DA00AF16FD27F000A76D42 /* MapPropertyList.plist in Resources */ = {isa = PBXBuildFile; fileRef = E9DA00AE16FD27F000A76D42 /* MapPropertyList.plist */; };
		E9DA00B316FD2A7800A76D42 /* TAKMapView.m in Sources */ = {isa = PBXBuildFile; fileRef = E9DA00B216FD2A7800A76D42 /* TAKMapView.m */; };
		E9DD63801712F58C009EEB22 /* MobileCoreServices.framework in Frameworks */ = {isa = PBXBuildFile; fileRef = E9DD637F1712F58C009EEB22 /* MobileCoreServices.framework */; };
		E9DD63811712F5A8009EEB22 /* MobileCoreServices.framework in Frameworks */ = {isa = PBXBuildFile; fileRef = E9DD637F1712F58C009EEB22 /* MobileCoreServices.framework */; };
		E9DD63871712F933009EEB22 /* BZFoursquare.m in Sources */ = {isa = PBXBuildFile; fileRef = E9DD63841712F933009EEB22 /* BZFoursquare.m */; settings = {COMPILER_FLAGS = "-fno-objc-arc"; }; };
		E9DD63881712F933009EEB22 /* BZFoursquareRequest.m in Sources */ = {isa = PBXBuildFile; fileRef = E9DD63861712F933009EEB22 /* BZFoursquareRequest.m */; settings = {COMPILER_FLAGS = "-fno-objc-arc"; }; };
		E9DD638D1713036F009EEB22 /* TAKFoursquareLocalSearchResultsViewController.m in Sources */ = {isa = PBXBuildFile; fileRef = E9DD638C1713036F009EEB22 /* TAKFoursquareLocalSearchResultsViewController.m */; };
		E9DD6390171303EB009EEB22 /* TAKLocalSearchResultsViewController.m in Sources */ = {isa = PBXBuildFile; fileRef = E9DD638F171303EB009EEB22 /* TAKLocalSearchResultsViewController.m */; };
		E9DD639417136180009EEB22 /* poweredByFoursquare_gray.png in Resources */ = {isa = PBXBuildFile; fileRef = E9DD639217136180009EEB22 /* poweredByFoursquare_gray.png */; };
		E9DD639517136180009EEB22 /* poweredByFoursquare_gray@2x.png in Resources */ = {isa = PBXBuildFile; fileRef = E9DD639317136180009EEB22 /* poweredByFoursquare_gray@2x.png */; };
		E9F86A9317141ECA00D249AD /* TAKFoursquareController.m in Sources */ = {isa = PBXBuildFile; fileRef = E9F86A9217141ECA00D249AD /* TAKFoursquareController.m */; };
/* End PBXBuildFile section */

/* Begin PBXContainerItemProxy section */
		E9DA008516FA3B5000A76D42 /* PBXContainerItemProxy */ = {
			isa = PBXContainerItemProxy;
			containerPortal = E9DA004F16FA3B4F00A76D42 /* Project object */;
			proxyType = 1;
			remoteGlobalIDString = E9DA005616FA3B4F00A76D42;
			remoteInfo = LocationAwareApp;
		};
/* End PBXContainerItemProxy section */

/* Begin PBXFileReference section */
		E92899F8170E42B600BC4AD0 /* APIConstants.h */ = {isa = PBXFileReference; fileEncoding = 4; lastKnownFileType = sourcecode.c.h; name = APIConstants.h; path = LocationAwareApp/APIConstants.h; sourceTree = "<group>"; };
		E947C52D17138B3300E8AA3E /* TAKFoursquareAuthorizationView.h */ = {isa = PBXFileReference; fileEncoding = 4; lastKnownFileType = sourcecode.c.h; name = TAKFoursquareAuthorizationView.h; path = FoursquareAuthorizationView/TAKFoursquareAuthorizationView.h; sourceTree = "<group>"; };
		E947C52E17138B3300E8AA3E /* TAKFoursquareAuthorizationView.m */ = {isa = PBXFileReference; fileEncoding = 4; lastKnownFileType = sourcecode.c.objc; name = TAKFoursquareAuthorizationView.m; path = FoursquareAuthorizationView/TAKFoursquareAuthorizationView.m; sourceTree = "<group>"; };
		E947C5301713991300E8AA3E /* UIView+FindNextViewController.h */ = {isa = PBXFileReference; fileEncoding = 4; lastKnownFileType = sourcecode.c.h; name = "UIView+FindNextViewController.h"; path = "FoursquareAuthorizationView/UIView+FindNextViewController.h"; sourceTree = "<group>"; };
		E947C5311713991300E8AA3E /* UIView+FindNextViewController.m */ = {isa = PBXFileReference; fileEncoding = 4; lastKnownFileType = sourcecode.c.objc; name = "UIView+FindNextViewController.m"; path = "FoursquareAuthorizationView/UIView+FindNextViewController.m"; sourceTree = "<group>"; };
		E958D943170CD3730092E324 /* Constants.h */ = {isa = PBXFileReference; fileEncoding = 4; lastKnownFileType = sourcecode.c.h; name = Constants.h; path = LocationAwareApp/Constants.h; sourceTree = "<group>"; };
		E981EE7D16FFD951008717C9 /* TAKMainMenuViewController.h */ = {isa = PBXFileReference; fileEncoding = 4; lastKnownFileType = sourcecode.c.h; name = TAKMainMenuViewController.h; path = ViewControllers/MainMenu/TAKMainMenuViewController.h; sourceTree = "<group>"; };
		E981EE7E16FFD951008717C9 /* TAKMainMenuViewController.m */ = {isa = PBXFileReference; fileEncoding = 4; lastKnownFileType = sourcecode.c.objc; name = TAKMainMenuViewController.m; path = ViewControllers/MainMenu/TAKMainMenuViewController.m; sourceTree = "<group>"; };
		E981EE8116FFEDC0008717C9 /* TAKReminderMasterViewController.h */ = {isa = PBXFileReference; fileEncoding = 4; lastKnownFileType = sourcecode.c.h; name = TAKReminderMasterViewController.h; path = ViewControllers/Reminder/TAKReminderMasterViewController.h; sourceTree = "<group>"; };
		E981EE8216FFEDC0008717C9 /* TAKReminderMasterViewController.m */ = {isa = PBXFileReference; fileEncoding = 4; lastKnownFileType = sourcecode.c.objc; name = TAKReminderMasterViewController.m; path = ViewControllers/Reminder/TAKReminderMasterViewController.m; sourceTree = "<group>"; };
		E990AD751714B65D007EA467 /* TAKFoursquareDataController.h */ = {isa = PBXFileReference; fileEncoding = 4; lastKnownFileType = sourcecode.c.h; name = TAKFoursquareDataController.h; path = Controllers/FoursquareDataController/TAKFoursquareDataController.h; sourceTree = "<group>"; };
		E990AD761714B65D007EA467 /* TAKFoursquareDataController.m */ = {isa = PBXFileReference; fileEncoding = 4; lastKnownFileType = sourcecode.c.objc; name = TAKFoursquareDataController.m; path = Controllers/FoursquareDataController/TAKFoursquareDataController.m; sourceTree = "<group>"; };
		E9BF2248170E5D8400E928AF /* TAKSearchResultsTableView.h */ = {isa = PBXFileReference; fileEncoding = 4; lastKnownFileType = sourcecode.c.h; name = TAKSearchResultsTableView.h; path = TableViews/TAKSearchResultsTableView.h; sourceTree = "<group>"; };
		E9BF2249170E5D8400E928AF /* TAKSearchResultsTableView.m */ = {isa = PBXFileReference; fileEncoding = 4; lastKnownFileType = sourcecode.c.objc; name = TAKSearchResultsTableView.m; path = TableViews/TAKSearchResultsTableView.m; sourceTree = "<group>"; };
		E9D1251D16FEA7930057DC74 /* TAKGeocoder.h */ = {isa = PBXFileReference; fileEncoding = 4; lastKnownFileType = sourcecode.c.h; name = TAKGeocoder.h; path = Geocoder/TAKGeocoder.h; sourceTree = "<group>"; };
		E9D1251E16FEA7930057DC74 /* TAKGeocoder.m */ = {isa = PBXFileReference; fileEncoding = 4; lastKnownFileType = sourcecode.c.objc; name = TAKGeocoder.m; path = Geocoder/TAKGeocoder.m; sourceTree = "<group>"; };
		E9D1252216FEA8010057DC74 /* TAKGeocoderTests.h */ = {isa = PBXFileReference; fileEncoding = 4; lastKnownFileType = sourcecode.c.h; name = TAKGeocoderTests.h; path = Geocoder/TAKGeocoderTests.h; sourceTree = "<group>"; };
		E9D1252316FEA8010057DC74 /* TAKGeocoderTests.m */ = {isa = PBXFileReference; fileEncoding = 4; lastKnownFileType = sourcecode.c.objc; name = TAKGeocoderTests.m; path = Geocoder/TAKGeocoderTests.m; sourceTree = "<group>"; };
		E9D1252516FEA82F0057DC74 /* TAKMapViewTests.h */ = {isa = PBXFileReference; fileEncoding = 4; lastKnownFileType = sourcecode.c.h; name = TAKMapViewTests.h; path = Map/TAKMapViewTests.h; sourceTree = "<group>"; };
		E9D1252616FEA82F0057DC74 /* TAKMapViewTests.m */ = {isa = PBXFileReference; fileEncoding = 4; lastKnownFileType = sourcecode.c.objc; name = TAKMapViewTests.m; path = Map/TAKMapViewTests.m; sourceTree = "<group>"; };
		E9D1252816FEC01C0057DC74 /* AddressBookUI.framework */ = {isa = PBXFileReference; lastKnownFileType = wrapper.framework; name = AddressBookUI.framework; path = System/Library/Frameworks/AddressBookUI.framework; sourceTree = SDKROOT; };
		E9DA005716FA3B4F00A76D42 /* LocationAwareApp.app */ = {isa = PBXFileReference; explicitFileType = wrapper.application; includeInIndex = 0; path = LocationAwareApp.app; sourceTree = BUILT_PRODUCTS_DIR; };
		E9DA005A16FA3B4F00A76D42 /* UIKit.framework */ = {isa = PBXFileReference; lastKnownFileType = wrapper.framework; name = UIKit.framework; path = System/Library/Frameworks/UIKit.framework; sourceTree = SDKROOT; };
		E9DA005C16FA3B4F00A76D42 /* Foundation.framework */ = {isa = PBXFileReference; lastKnownFileType = wrapper.framework; name = Foundation.framework; path = System/Library/Frameworks/Foundation.framework; sourceTree = SDKROOT; };
		E9DA005E16FA3B4F00A76D42 /* CoreGraphics.framework */ = {isa = PBXFileReference; lastKnownFileType = wrapper.framework; name = CoreGraphics.framework; path = System/Library/Frameworks/CoreGraphics.framework; sourceTree = SDKROOT; };
		E9DA006216FA3B4F00A76D42 /* LocationAwareApp-Info.plist */ = {isa = PBXFileReference; lastKnownFileType = text.plist.xml; path = "LocationAwareApp-Info.plist"; sourceTree = "<group>"; };
		E9DA006416FA3B4F00A76D42 /* en */ = {isa = PBXFileReference; lastKnownFileType = text.plist.strings; name = en; path = en.lproj/InfoPlist.strings; sourceTree = "<group>"; };
		E9DA006616FA3B4F00A76D42 /* main.m */ = {isa = PBXFileReference; lastKnownFileType = sourcecode.c.objc; path = main.m; sourceTree = "<group>"; };
		E9DA006816FA3B4F00A76D42 /* LocationAwareApp-Prefix.pch */ = {isa = PBXFileReference; lastKnownFileType = sourcecode.c.h; path = "LocationAwareApp-Prefix.pch"; sourceTree = "<group>"; };
		E9DA006916FA3B4F00A76D42 /* TAKAppDelegate.h */ = {isa = PBXFileReference; lastKnownFileType = sourcecode.c.h; path = TAKAppDelegate.h; sourceTree = "<group>"; };
		E9DA006A16FA3B4F00A76D42 /* TAKAppDelegate.m */ = {isa = PBXFileReference; lastKnownFileType = sourcecode.c.objc; path = TAKAppDelegate.m; sourceTree = "<group>"; };
		E9DA006C16FA3B4F00A76D42 /* Default.png */ = {isa = PBXFileReference; lastKnownFileType = image.png; path = Default.png; sourceTree = "<group>"; };
		E9DA006E16FA3B4F00A76D42 /* Default@2x.png */ = {isa = PBXFileReference; lastKnownFileType = image.png; path = "Default@2x.png"; sourceTree = "<group>"; };
		E9DA007016FA3B4F00A76D42 /* Default-568h@2x.png */ = {isa = PBXFileReference; lastKnownFileType = image.png; path = "Default-568h@2x.png"; sourceTree = "<group>"; };
		E9DA007616FA3B4F00A76D42 /* en */ = {isa = PBXFileReference; lastKnownFileType = file.xib; name = en; path = en.lproj/TAKLocalSearchResultsViewController_iPhone.xib; sourceTree = "<group>"; };
		E9DA007916FA3B4F00A76D42 /* en */ = {isa = PBXFileReference; lastKnownFileType = file.xib; name = en; path = en.lproj/TAKLocalSearchResultsViewController_iPad.xib; sourceTree = "<group>"; };
		E9DA008016FA3B5000A76D42 /* LocationAwareAppTests.octest */ = {isa = PBXFileReference; explicitFileType = wrapper.cfbundle; includeInIndex = 0; path = LocationAwareAppTests.octest; sourceTree = BUILT_PRODUCTS_DIR; };
		E9DA008116FA3B5000A76D42 /* SenTestingKit.framework */ = {isa = PBXFileReference; lastKnownFileType = wrapper.framework; name = SenTestingKit.framework; path = Library/Frameworks/SenTestingKit.framework; sourceTree = DEVELOPER_DIR; };
		E9DA008916FA3B5000A76D42 /* LocationAwareAppTests-Info.plist */ = {isa = PBXFileReference; lastKnownFileType = text.plist.xml; path = "LocationAwareAppTests-Info.plist"; sourceTree = "<group>"; };
		E9DA008B16FA3B5000A76D42 /* en */ = {isa = PBXFileReference; lastKnownFileType = text.plist.strings; name = en; path = en.lproj/InfoPlist.strings; sourceTree = "<group>"; };
		E9DA008D16FA3B5000A76D42 /* LocationAwareAppTests.h */ = {isa = PBXFileReference; lastKnownFileType = sourcecode.c.h; path = LocationAwareAppTests.h; sourceTree = "<group>"; };
		E9DA008E16FA3B5000A76D42 /* LocationAwareAppTests.m */ = {isa = PBXFileReference; lastKnownFileType = sourcecode.c.objc; path = LocationAwareAppTests.m; sourceTree = "<group>"; };
		E9DA009816FA3D4700A76D42 /* CoreLocation.framework */ = {isa = PBXFileReference; lastKnownFileType = wrapper.framework; name = CoreLocation.framework; path = System/Library/Frameworks/CoreLocation.framework; sourceTree = SDKROOT; };
		E9DA009A16FA3D5200A76D42 /* MapKit.framework */ = {isa = PBXFileReference; lastKnownFileType = wrapper.framework; name = MapKit.framework; path = System/Library/Frameworks/MapKit.framework; sourceTree = SDKROOT; };
		E9DA009C16FA3D5E00A76D42 /* QuartzCore.framework */ = {isa = PBXFileReference; lastKnownFileType = wrapper.framework; name = QuartzCore.framework; path = System/Library/Frameworks/QuartzCore.framework; sourceTree = SDKROOT; };
		E9DA009F16FA6F6500A76D42 /* TAKLocationController.h */ = {isa = PBXFileReference; fileEncoding = 4; lastKnownFileType = sourcecode.c.h; name = TAKLocationController.h; path = LocationController/TAKLocationController.h; sourceTree = "<group>"; };
		E9DA00A016FA6F6500A76D42 /* TAKLocationController.m */ = {isa = PBXFileReference; fileEncoding = 4; lastKnownFileType = sourcecode.c.objc; name = TAKLocationController.m; path = LocationController/TAKLocationController.m; sourceTree = "<group>"; };
		E9DA00A316FA965A00A76D42 /* TAKLocationControllerTests.h */ = {isa = PBXFileReference; fileEncoding = 4; lastKnownFileType = sourcecode.c.h; name = TAKLocationControllerTests.h; path = LocationController/TAKLocationControllerTests.h; sourceTree = "<group>"; };
		E9DA00A416FA965A00A76D42 /* TAKLocationControllerTests.m */ = {isa = PBXFileReference; fileEncoding = 4; lastKnownFileType = sourcecode.c.objc; name = TAKLocationControllerTests.m; path = LocationController/TAKLocationControllerTests.m; sourceTree = "<group>"; };
		E9DA00AE16FD27F000A76D42 /* MapPropertyList.plist */ = {isa = PBXFileReference; fileEncoding = 4; lastKnownFileType = text.plist.xml; name = MapPropertyList.plist; path = Map/MapPropertyList.plist; sourceTree = "<group>"; };
		E9DA00B116FD2A7800A76D42 /* TAKMapView.h */ = {isa = PBXFileReference; fileEncoding = 4; lastKnownFileType = sourcecode.c.h; name = TAKMapView.h; path = Map/TAKMapView.h; sourceTree = "<group>"; };
		E9DA00B216FD2A7800A76D42 /* TAKMapView.m */ = {isa = PBXFileReference; fileEncoding = 4; lastKnownFileType = sourcecode.c.objc; name = TAKMapView.m; path = Map/TAKMapView.m; sourceTree = "<group>"; };
		E9DD637F1712F58C009EEB22 /* MobileCoreServices.framework */ = {isa = PBXFileReference; lastKnownFileType = wrapper.framework; name = MobileCoreServices.framework; path = System/Library/Frameworks/MobileCoreServices.framework; sourceTree = SDKROOT; };
		E9DD63831712F933009EEB22 /* BZFoursquare.h */ = {isa = PBXFileReference; fileEncoding = 4; lastKnownFileType = sourcecode.c.h; path = BZFoursquare.h; sourceTree = "<group>"; };
		E9DD63841712F933009EEB22 /* BZFoursquare.m */ = {isa = PBXFileReference; fileEncoding = 4; lastKnownFileType = sourcecode.c.objc; path = BZFoursquare.m; sourceTree = "<group>"; };
		E9DD63851712F933009EEB22 /* BZFoursquareRequest.h */ = {isa = PBXFileReference; fileEncoding = 4; lastKnownFileType = sourcecode.c.h; path = BZFoursquareRequest.h; sourceTree = "<group>"; };
		E9DD63861712F933009EEB22 /* BZFoursquareRequest.m */ = {isa = PBXFileReference; fileEncoding = 4; lastKnownFileType = sourcecode.c.objc; path = BZFoursquareRequest.m; sourceTree = "<group>"; };
		E9DD638B1713036F009EEB22 /* TAKFoursquareLocalSearchResultsViewController.h */ = {isa = PBXFileReference; fileEncoding = 4; lastKnownFileType = sourcecode.c.h; name = TAKFoursquareLocalSearchResultsViewController.h; path = ViewControllers/LocalSearchResults/Foursquare/TAKFoursquareLocalSearchResultsViewController.h; sourceTree = "<group>"; };
		E9DD638C1713036F009EEB22 /* TAKFoursquareLocalSearchResultsViewController.m */ = {isa = PBXFileReference; fileEncoding = 4; lastKnownFileType = sourcecode.c.objc; name = TAKFoursquareLocalSearchResultsViewController.m; path = ViewControllers/LocalSearchResults/Foursquare/TAKFoursquareLocalSearchResultsViewController.m; sourceTree = "<group>"; };
		E9DD638E171303EB009EEB22 /* TAKLocalSearchResultsViewController.h */ = {isa = PBXFileReference; fileEncoding = 4; lastKnownFileType = sourcecode.c.h; name = TAKLocalSearchResultsViewController.h; path = ViewControllers/LocalSearchResults/Apple/TAKLocalSearchResultsViewController.h; sourceTree = "<group>"; };
		E9DD638F171303EB009EEB22 /* TAKLocalSearchResultsViewController.m */ = {isa = PBXFileReference; fileEncoding = 4; lastKnownFileType = sourcecode.c.objc; name = TAKLocalSearchResultsViewController.m; path = ViewControllers/LocalSearchResults/Apple/TAKLocalSearchResultsViewController.m; sourceTree = "<group>"; };
		E9DD639217136180009EEB22 /* poweredByFoursquare_gray.png */ = {isa = PBXFileReference; lastKnownFileType = image.png; name = poweredByFoursquare_gray.png; path = Images/poweredByFoursquare_gray.png; sourceTree = "<group>"; };
		E9DD639317136180009EEB22 /* poweredByFoursquare_gray@2x.png */ = {isa = PBXFileReference; lastKnownFileType = image.png; name = "poweredByFoursquare_gray@2x.png"; path = "Images/poweredByFoursquare_gray@2x.png"; sourceTree = "<group>"; };
		E9F86A9117141ECA00D249AD /* TAKFoursquareController.h */ = {isa = PBXFileReference; fileEncoding = 4; lastKnownFileType = sourcecode.c.h; name = TAKFoursquareController.h; path = Controllers/FoursquareController/TAKFoursquareController.h; sourceTree = "<group>"; };
		E9F86A9217141ECA00D249AD /* TAKFoursquareController.m */ = {isa = PBXFileReference; fileEncoding = 4; lastKnownFileType = sourcecode.c.objc; name = TAKFoursquareController.m; path = Controllers/FoursquareController/TAKFoursquareController.m; sourceTree = "<group>"; };
/* End PBXFileReference section */

/* Begin PBXFrameworksBuildPhase section */
		E9DA005416FA3B4F00A76D42 /* Frameworks */ = {
			isa = PBXFrameworksBuildPhase;
			buildActionMask = 2147483647;
			files = (
				E9DD63801712F58C009EEB22 /* MobileCoreServices.framework in Frameworks */,
				E9DA005D16FA3B4F00A76D42 /* Foundation.framework in Frameworks */,
				E9D1252A16FEC0250057DC74 /* AddressBookUI.framework in Frameworks */,
				E9DA009D16FA3D5E00A76D42 /* QuartzCore.framework in Frameworks */,
				E9DA009B16FA3D5200A76D42 /* MapKit.framework in Frameworks */,
				E9DA009916FA3D4700A76D42 /* CoreLocation.framework in Frameworks */,
				E9DA005B16FA3B4F00A76D42 /* UIKit.framework in Frameworks */,
				E9DA005F16FA3B4F00A76D42 /* CoreGraphics.framework in Frameworks */,
			);
			runOnlyForDeploymentPostprocessing = 0;
		};
		E9DA007C16FA3B5000A76D42 /* Frameworks */ = {
			isa = PBXFrameworksBuildPhase;
			buildActionMask = 2147483647;
			files = (
				E9DD63811712F5A8009EEB22 /* MobileCoreServices.framework in Frameworks */,
				E9D1252916FEC01C0057DC74 /* AddressBookUI.framework in Frameworks */,
				E9DA00A916FA99A100A76D42 /* QuartzCore.framework in Frameworks */,
				E9DA00A816FA999A00A76D42 /* MapKit.framework in Frameworks */,
				E9DA00A716FA998700A76D42 /* CoreLocation.framework in Frameworks */,
				E9DA008216FA3B5000A76D42 /* SenTestingKit.framework in Frameworks */,
				E9DA008316FA3B5000A76D42 /* UIKit.framework in Frameworks */,
				E9DA008416FA3B5000A76D42 /* Foundation.framework in Frameworks */,
			);
			runOnlyForDeploymentPostprocessing = 0;
		};
/* End PBXFrameworksBuildPhase section */

/* Begin PBXGroup section */
		E947C52C17138A7400E8AA3E /* Foursquare Authorization View */ = {
			isa = PBXGroup;
			children = (
				E947C52D17138B3300E8AA3E /* TAKFoursquareAuthorizationView.h */,
				E947C52E17138B3300E8AA3E /* TAKFoursquareAuthorizationView.m */,
				E947C5301713991300E8AA3E /* UIView+FindNextViewController.h */,
				E947C5311713991300E8AA3E /* UIView+FindNextViewController.m */,
			);
			name = "Foursquare Authorization View";
			sourceTree = "<group>";
		};
		E981EE7716FFD70E008717C9 /* Main Menu */ = {
			isa = PBXGroup;
			children = (
				E981EE7D16FFD951008717C9 /* TAKMainMenuViewController.h */,
				E981EE7E16FFD951008717C9 /* TAKMainMenuViewController.m */,
			);
			name = "Main Menu";
			sourceTree = "<group>";
		};
		E981EE8016FFEBE1008717C9 /* Reminder */ = {
			isa = PBXGroup;
			children = (
				E981EE8116FFEDC0008717C9 /* TAKReminderMasterViewController.h */,
				E981EE8216FFEDC0008717C9 /* TAKReminderMasterViewController.m */,
			);
			name = Reminder;
			sourceTree = "<group>";
		};
		E990AD711714AF38007EA467 /* FoursquareDataController */ = {
			isa = PBXGroup;
			children = (
				E990AD751714B65D007EA467 /* TAKFoursquareDataController.h */,
				E990AD761714B65D007EA467 /* TAKFoursquareDataController.m */,
			);
			name = FoursquareDataController;
			sourceTree = "<group>";
		};
		E9BF2247170E5D2800E928AF /* Table Views */ = {
			isa = PBXGroup;
			children = (
				E9BF2248170E5D8400E928AF /* TAKSearchResultsTableView.h */,
				E9BF2249170E5D8400E928AF /* TAKSearchResultsTableView.m */,
			);
			name = "Table Views";
			sourceTree = "<group>";
		};
		E9D1251916FEA6F30057DC74 /* Geocoder */ = {
			isa = PBXGroup;
			children = (
				E9D1251D16FEA7930057DC74 /* TAKGeocoder.h */,
				E9D1251E16FEA7930057DC74 /* TAKGeocoder.m */,
			);
			name = Geocoder;
			sourceTree = "<group>";
		};
		E9D1251A16FEA7090057DC74 /* App Delegate */ = {
			isa = PBXGroup;
			children = (
				E9DA006916FA3B4F00A76D42 /* TAKAppDelegate.h */,
				E9DA006A16FA3B4F00A76D42 /* TAKAppDelegate.m */,
			);
			name = "App Delegate";
			sourceTree = "<group>";
		};
		E9D1251B16FEA7220057DC74 /* View Controllers */ = {
			isa = PBXGroup;
			children = (
				E981EE8016FFEBE1008717C9 /* Reminder */,
				E981EE7716FFD70E008717C9 /* Main Menu */,
				E9D1251C16FEA7330057DC74 /* Local Search Results */,
			);
			name = "View Controllers";
			sourceTree = "<group>";
		};
		E9D1251C16FEA7330057DC74 /* Local Search Results */ = {
			isa = PBXGroup;
			children = (
				E9DD6389171302C1009EEB22 /* Apple Local Search API */,
				E9DD638A171302D3009EEB22 /* Foursquare API */,
			);
			name = "Local Search Results";
			sourceTree = "<group>";
		};
		E9D1252016FEA7C10057DC74 /* Map */ = {
			isa = PBXGroup;
			children = (
				E9D1252516FEA82F0057DC74 /* TAKMapViewTests.h */,
				E9D1252616FEA82F0057DC74 /* TAKMapViewTests.m */,
			);
			name = Map;
			sourceTree = "<group>";
		};
		E9D1252116FEA7C80057DC74 /* Geocoder */ = {
			isa = PBXGroup;
			children = (
				E9D1252216FEA8010057DC74 /* TAKGeocoderTests.h */,
				E9D1252316FEA8010057DC74 /* TAKGeocoderTests.m */,
			);
			name = Geocoder;
			sourceTree = "<group>";
		};
		E9DA004E16FA3B4F00A76D42 = {
			isa = PBXGroup;
			children = (
				E92899F8170E42B600BC4AD0 /* APIConstants.h */,
				E958D943170CD3730092E324 /* Constants.h */,
				E9DA006016FA3B4F00A76D42 /* LocationAwareApp */,
				E9DA008716FA3B5000A76D42 /* LocationAwareAppTests */,
				E9DA005916FA3B4F00A76D42 /* Frameworks */,
				E9DA005816FA3B4F00A76D42 /* Products */,
			);
			sourceTree = "<group>";
		};
		E9DA005816FA3B4F00A76D42 /* Products */ = {
			isa = PBXGroup;
			children = (
				E9DA005716FA3B4F00A76D42 /* LocationAwareApp.app */,
				E9DA008016FA3B5000A76D42 /* LocationAwareAppTests.octest */,
			);
			name = Products;
			sourceTree = "<group>";
		};
		E9DA005916FA3B4F00A76D42 /* Frameworks */ = {
			isa = PBXGroup;
			children = (
				E9DD63821712F933009EEB22 /* BZFoursquare */,
				E9DD637F1712F58C009EEB22 /* MobileCoreServices.framework */,
				E9D1252816FEC01C0057DC74 /* AddressBookUI.framework */,
				E9DA009C16FA3D5E00A76D42 /* QuartzCore.framework */,
				E9DA009A16FA3D5200A76D42 /* MapKit.framework */,
				E9DA009816FA3D4700A76D42 /* CoreLocation.framework */,
				E9DA005A16FA3B4F00A76D42 /* UIKit.framework */,
				E9DA005C16FA3B4F00A76D42 /* Foundation.framework */,
				E9DA005E16FA3B4F00A76D42 /* CoreGraphics.framework */,
				E9DA008116FA3B5000A76D42 /* SenTestingKit.framework */,
			);
			name = Frameworks;
			sourceTree = "<group>";
		};
		E9DA006016FA3B4F00A76D42 /* LocationAwareApp */ = {
			isa = PBXGroup;
			children = (
				E9D1251A16FEA7090057DC74 /* App Delegate */,
				E9F86A9417141ED600D249AD /* Controllers */,
				E9D1251B16FEA7220057DC74 /* View Controllers */,
				E9F86A9617141F9700D249AD /* Views */,
				E9DD6391171360F1009EEB22 /* Images */,
				E9DA009E16FA6DAD00A76D42 /* Interface Builder Files */,
				E9DA006116FA3B4F00A76D42 /* Supporting Files */,
			);
			path = LocationAwareApp;
			sourceTree = "<group>";
		};
		E9DA006116FA3B4F00A76D42 /* Supporting Files */ = {
			isa = PBXGroup;
			children = (
				E9DA006216FA3B4F00A76D42 /* LocationAwareApp-Info.plist */,
				E9DA006316FA3B4F00A76D42 /* InfoPlist.strings */,
				E9DA006616FA3B4F00A76D42 /* main.m */,
				E9DA006816FA3B4F00A76D42 /* LocationAwareApp-Prefix.pch */,
				E9DA006C16FA3B4F00A76D42 /* Default.png */,
				E9DA006E16FA3B4F00A76D42 /* Default@2x.png */,
				E9DA007016FA3B4F00A76D42 /* Default-568h@2x.png */,
			);
			name = "Supporting Files";
			sourceTree = "<group>";
		};
		E9DA008716FA3B5000A76D42 /* LocationAwareAppTests */ = {
			isa = PBXGroup;
			children = (
				E9D1252116FEA7C80057DC74 /* Geocoder */,
				E9D1252016FEA7C10057DC74 /* Map */,
				E9DA008D16FA3B5000A76D42 /* LocationAwareAppTests.h */,
				E9DA008E16FA3B5000A76D42 /* LocationAwareAppTests.m */,
				E9DA008816FA3B5000A76D42 /* Supporting Files */,
				E9DA00A616FA967800A76D42 /* LocationController */,
			);
			path = LocationAwareAppTests;
			sourceTree = "<group>";
		};
		E9DA008816FA3B5000A76D42 /* Supporting Files */ = {
			isa = PBXGroup;
			children = (
				E9DA008916FA3B5000A76D42 /* LocationAwareAppTests-Info.plist */,
				E9DA008A16FA3B5000A76D42 /* InfoPlist.strings */,
			);
			name = "Supporting Files";
			sourceTree = "<group>";
		};
		E9DA009E16FA6DAD00A76D42 /* Interface Builder Files */ = {
			isa = PBXGroup;
			children = (
				E9DA007516FA3B4F00A76D42 /* TAKLocalSearchResultsViewController_iPhone.xib */,
				E9DA007816FA3B4F00A76D42 /* TAKLocalSearchResultsViewController_iPad.xib */,
			);
			name = "Interface Builder Files";
			sourceTree = "<group>";
		};
		E9DA00A216FA723400A76D42 /* LocationController */ = {
			isa = PBXGroup;
			children = (
				E9DA009F16FA6F6500A76D42 /* TAKLocationController.h */,
				E9DA00A016FA6F6500A76D42 /* TAKLocationController.m */,
			);
			name = LocationController;
			sourceTree = "<group>";
		};
		E9DA00A616FA967800A76D42 /* LocationController */ = {
			isa = PBXGroup;
			children = (
				E9DA00A316FA965A00A76D42 /* TAKLocationControllerTests.h */,
				E9DA00A416FA965A00A76D42 /* TAKLocationControllerTests.m */,
			);
			name = LocationController;
			sourceTree = "<group>";
		};
		E9DA00AA16FBC66300A76D42 /* Map */ = {
			isa = PBXGroup;
			children = (
				E9DA00B116FD2A7800A76D42 /* TAKMapView.h */,
				E9DA00B216FD2A7800A76D42 /* TAKMapView.m */,
				E9DA00B016FD289300A76D42 /* Supporting Files */,
			);
			name = Map;
			sourceTree = "<group>";
		};
		E9DA00B016FD289300A76D42 /* Supporting Files */ = {
			isa = PBXGroup;
			children = (
				E9DA00AE16FD27F000A76D42 /* MapPropertyList.plist */,
			);
			name = "Supporting Files";
			sourceTree = "<group>";
		};
		E9DD63821712F933009EEB22 /* BZFoursquare */ = {
			isa = PBXGroup;
			children = (
				E9DD63831712F933009EEB22 /* BZFoursquare.h */,
				E9DD63841712F933009EEB22 /* BZFoursquare.m */,
				E9DD63851712F933009EEB22 /* BZFoursquareRequest.h */,
				E9DD63861712F933009EEB22 /* BZFoursquareRequest.m */,
			);
			name = BZFoursquare;
			path = LocationAwareApp/BZFoursquare;
			sourceTree = "<group>";
		};
		E9DD6389171302C1009EEB22 /* Apple Local Search API */ = {
			isa = PBXGroup;
			children = (
				E9DD638E171303EB009EEB22 /* TAKLocalSearchResultsViewController.h */,
				E9DD638F171303EB009EEB22 /* TAKLocalSearchResultsViewController.m */,
			);
			name = "Apple Local Search API";
			sourceTree = "<group>";
		};
		E9DD638A171302D3009EEB22 /* Foursquare API */ = {
			isa = PBXGroup;
			children = (
				E9DD638B1713036F009EEB22 /* TAKFoursquareLocalSearchResultsViewController.h */,
				E9DD638C1713036F009EEB22 /* TAKFoursquareLocalSearchResultsViewController.m */,
			);
			name = "Foursquare API";
			sourceTree = "<group>";
		};
		E9DD6391171360F1009EEB22 /* Images */ = {
			isa = PBXGroup;
			children = (
				E9DD639217136180009EEB22 /* poweredByFoursquare_gray.png */,
				E9DD639317136180009EEB22 /* poweredByFoursquare_gray@2x.png */,
			);
			name = Images;
			sourceTree = "<group>";
		};
		E9F86A9417141ED600D249AD /* Controllers */ = {
			isa = PBXGroup;
			children = (
				E9D1251916FEA6F30057DC74 /* Geocoder */,
				E9DA00A216FA723400A76D42 /* LocationController */,
				E9F86A9517141EE800D249AD /* FoursquareController */,
				E990AD711714AF38007EA467 /* FoursquareDataController */,
			);
			name = Controllers;
			sourceTree = "<group>";
		};
		E9F86A9517141EE800D249AD /* FoursquareController */ = {
			isa = PBXGroup;
			children = (
				E9F86A9117141ECA00D249AD /* TAKFoursquareController.h */,
				E9F86A9217141ECA00D249AD /* TAKFoursquareController.m */,
			);
			name = FoursquareController;
			sourceTree = "<group>";
		};
		E9F86A9617141F9700D249AD /* Views */ = {
			isa = PBXGroup;
			children = (
				E947C52C17138A7400E8AA3E /* Foursquare Authorization View */,
				E9BF2247170E5D2800E928AF /* Table Views */,
				E9DA00AA16FBC66300A76D42 /* Map */,
			);
			name = Views;
			sourceTree = "<group>";
		};
/* End PBXGroup section */

/* Begin PBXNativeTarget section */
		E9DA005616FA3B4F00A76D42 /* LocationAwareApp */ = {
			isa = PBXNativeTarget;
			buildConfigurationList = E9DA009216FA3B5000A76D42 /* Build configuration list for PBXNativeTarget "LocationAwareApp" */;
			buildPhases = (
				E9DA005316FA3B4F00A76D42 /* Sources */,
				E9DA005416FA3B4F00A76D42 /* Frameworks */,
				E9DA005516FA3B4F00A76D42 /* Resources */,
			);
			buildRules = (
			);
			dependencies = (
			);
			name = LocationAwareApp;
			productName = LocationAwareApp;
			productReference = E9DA005716FA3B4F00A76D42 /* LocationAwareApp.app */;
			productType = "com.apple.product-type.application";
		};
		E9DA007F16FA3B5000A76D42 /* LocationAwareAppTests */ = {
			isa = PBXNativeTarget;
			buildConfigurationList = E9DA009516FA3B5000A76D42 /* Build configuration list for PBXNativeTarget "LocationAwareAppTests" */;
			buildPhases = (
				E9DA007B16FA3B5000A76D42 /* Sources */,
				E9DA007C16FA3B5000A76D42 /* Frameworks */,
				E9DA007D16FA3B5000A76D42 /* Resources */,
				E9DA007E16FA3B5000A76D42 /* ShellScript */,
			);
			buildRules = (
			);
			dependencies = (
				E9DA008616FA3B5000A76D42 /* PBXTargetDependency */,
			);
			name = LocationAwareAppTests;
			productName = LocationAwareAppTests;
			productReference = E9DA008016FA3B5000A76D42 /* LocationAwareAppTests.octest */;
			productType = "com.apple.product-type.bundle";
		};
/* End PBXNativeTarget section */

/* Begin PBXProject section */
		E9DA004F16FA3B4F00A76D42 /* Project object */ = {
			isa = PBXProject;
			attributes = {
				CLASSPREFIX = TAK;
				LastUpgradeCheck = 0460;
				ORGANIZATIONNAME = "Toni Antero Karttunen";
			};
			buildConfigurationList = E9DA005216FA3B4F00A76D42 /* Build configuration list for PBXProject "LocationAwareApp" */;
			compatibilityVersion = "Xcode 3.2";
			developmentRegion = English;
			hasScannedForEncodings = 0;
			knownRegions = (
				en,
			);
			mainGroup = E9DA004E16FA3B4F00A76D42;
			productRefGroup = E9DA005816FA3B4F00A76D42 /* Products */;
			projectDirPath = "";
			projectRoot = "";
			targets = (
				E9DA005616FA3B4F00A76D42 /* LocationAwareApp */,
				E9DA007F16FA3B5000A76D42 /* LocationAwareAppTests */,
			);
		};
/* End PBXProject section */

/* Begin PBXResourcesBuildPhase section */
		E9DA005516FA3B4F00A76D42 /* Resources */ = {
			isa = PBXResourcesBuildPhase;
			buildActionMask = 2147483647;
			files = (
				E9DA006516FA3B4F00A76D42 /* InfoPlist.strings in Resources */,
				E9DA006D16FA3B4F00A76D42 /* Default.png in Resources */,
				E9DA006F16FA3B4F00A76D42 /* Default@2x.png in Resources */,
				E9DA007116FA3B4F00A76D42 /* Default-568h@2x.png in Resources */,
				E9DA007716FA3B4F00A76D42 /* TAKLocalSearchResultsViewController_iPhone.xib in Resources */,
				E9DA007A16FA3B4F00A76D42 /* TAKLocalSearchResultsViewController_iPad.xib in Resources */,
				E9DA00AF16FD27F000A76D42 /* MapPropertyList.plist in Resources */,
				E9DD639417136180009EEB22 /* poweredByFoursquare_gray.png in Resources */,
				E9DD639517136180009EEB22 /* poweredByFoursquare_gray@2x.png in Resources */,
			);
			runOnlyForDeploymentPostprocessing = 0;
		};
		E9DA007D16FA3B5000A76D42 /* Resources */ = {
			isa = PBXResourcesBuildPhase;
			buildActionMask = 2147483647;
			files = (
				E9DA008C16FA3B5000A76D42 /* InfoPlist.strings in Resources */,
			);
			runOnlyForDeploymentPostprocessing = 0;
		};
/* End PBXResourcesBuildPhase section */

/* Begin PBXShellScriptBuildPhase section */
		E9DA007E16FA3B5000A76D42 /* ShellScript */ = {
			isa = PBXShellScriptBuildPhase;
			buildActionMask = 2147483647;
			files = (
			);
			inputPaths = (
			);
			outputPaths = (
			);
			runOnlyForDeploymentPostprocessing = 0;
			shellPath = /bin/sh;
			shellScript = "# Run the unit tests in this test bundle.\n\"${SYSTEM_DEVELOPER_DIR}/Tools/RunUnitTests\"\n";
		};
/* End PBXShellScriptBuildPhase section */

/* Begin PBXSourcesBuildPhase section */
		E9DA005316FA3B4F00A76D42 /* Sources */ = {
			isa = PBXSourcesBuildPhase;
			buildActionMask = 2147483647;
			files = (
				E9DA006716FA3B4F00A76D42 /* main.m in Sources */,
				E9DA006B16FA3B4F00A76D42 /* TAKAppDelegate.m in Sources */,
				E9DA00A116FA6F6500A76D42 /* TAKLocationController.m in Sources */,
				E9DA00B316FD2A7800A76D42 /* TAKMapView.m in Sources */,
				E9D1251F16FEA7930057DC74 /* TAKGeocoder.m in Sources */,
				E981EE7F16FFD951008717C9 /* TAKMainMenuViewController.m in Sources */,
				E981EE8316FFEDC0008717C9 /* TAKReminderMasterViewController.m in Sources */,
				E9BF224A170E5D8400E928AF /* TAKSearchResultsTableView.m in Sources */,
				E9DD63871712F933009EEB22 /* BZFoursquare.m in Sources */,
				E9DD63881712F933009EEB22 /* BZFoursquareRequest.m in Sources */,
				E9DD638D1713036F009EEB22 /* TAKFoursquareLocalSearchResultsViewController.m in Sources */,
				E9DD6390171303EB009EEB22 /* TAKLocalSearchResultsViewController.m in Sources */,
				E947C52F17138B3300E8AA3E /* TAKFoursquareAuthorizationView.m in Sources */,
				E947C5321713991300E8AA3E /* UIView+FindNextViewController.m in Sources */,
				E9F86A9317141ECA00D249AD /* TAKFoursquareController.m in Sources */,
				E990AD771714B65D007EA467 /* TAKFoursquareDataController.m in Sources */,
			);
			runOnlyForDeploymentPostprocessing = 0;
		};
		E9DA007B16FA3B5000A76D42 /* Sources */ = {
			isa = PBXSourcesBuildPhase;
			buildActionMask = 2147483647;
			files = (
				E9DA008F16FA3B5000A76D42 /* LocationAwareAppTests.m in Sources */,
				E9DA00A516FA965A00A76D42 /* TAKLocationControllerTests.m in Sources */,
				E9D1252416FEA8010057DC74 /* TAKGeocoderTests.m in Sources */,
				E9D1252716FEA82F0057DC74 /* TAKMapViewTests.m in Sources */,
			);
			runOnlyForDeploymentPostprocessing = 0;
		};
/* End PBXSourcesBuildPhase section */

/* Begin PBXTargetDependency section */
		E9DA008616FA3B5000A76D42 /* PBXTargetDependency */ = {
			isa = PBXTargetDependency;
			target = E9DA005616FA3B4F00A76D42 /* LocationAwareApp */;
			targetProxy = E9DA008516FA3B5000A76D42 /* PBXContainerItemProxy */;
		};
/* End PBXTargetDependency section */

/* Begin PBXVariantGroup section */
		E9DA006316FA3B4F00A76D42 /* InfoPlist.strings */ = {
			isa = PBXVariantGroup;
			children = (
				E9DA006416FA3B4F00A76D42 /* en */,
			);
			name = InfoPlist.strings;
			sourceTree = "<group>";
		};
		E9DA007516FA3B4F00A76D42 /* TAKLocalSearchResultsViewController_iPhone.xib */ = {
			isa = PBXVariantGroup;
			children = (
				E9DA007616FA3B4F00A76D42 /* en */,
			);
			name = TAKLocalSearchResultsViewController_iPhone.xib;
			sourceTree = "<group>";
		};
		E9DA007816FA3B4F00A76D42 /* TAKLocalSearchResultsViewController_iPad.xib */ = {
			isa = PBXVariantGroup;
			children = (
				E9DA007916FA3B4F00A76D42 /* en */,
			);
			name = TAKLocalSearchResultsViewController_iPad.xib;
			sourceTree = "<group>";
		};
		E9DA008A16FA3B5000A76D42 /* InfoPlist.strings */ = {
			isa = PBXVariantGroup;
			children = (
				E9DA008B16FA3B5000A76D42 /* en */,
			);
			name = InfoPlist.strings;
			sourceTree = "<group>";
		};
/* End PBXVariantGroup section */

/* Begin XCBuildConfiguration section */
		E9DA009016FA3B5000A76D42 /* Debug */ = {
			isa = XCBuildConfiguration;
			buildSettings = {
				ALWAYS_SEARCH_USER_PATHS = NO;
				CLANG_CXX_LANGUAGE_STANDARD = "gnu++0x";
				CLANG_CXX_LIBRARY = "libc++";
				CLANG_ENABLE_OBJC_ARC = YES;
				CLANG_WARN_CONSTANT_CONVERSION = YES;
				CLANG_WARN_EMPTY_BODY = YES;
				CLANG_WARN_ENUM_CONVERSION = YES;
				CLANG_WARN_INT_CONVERSION = YES;
				CLANG_WARN__DUPLICATE_METHOD_MATCH = YES;
				"CODE_SIGN_IDENTITY[sdk=iphoneos*]" = "iPhone Developer";
				COPY_PHASE_STRIP = NO;
				GCC_C_LANGUAGE_STANDARD = gnu99;
				GCC_DYNAMIC_NO_PIC = NO;
				GCC_OPTIMIZATION_LEVEL = 0;
				GCC_PREPROCESSOR_DEFINITIONS = (
					"DEBUG=1",
					"$(inherited)",
				);
				GCC_SYMBOLS_PRIVATE_EXTERN = NO;
				GCC_WARN_ABOUT_RETURN_TYPE = YES;
				GCC_WARN_UNINITIALIZED_AUTOS = YES;
				GCC_WARN_UNUSED_VARIABLE = YES;
				IPHONEOS_DEPLOYMENT_TARGET = 6.1;
				ONLY_ACTIVE_ARCH = YES;
				SDKROOT = iphoneos;
				TARGETED_DEVICE_FAMILY = "1,2";
			};
			name = Debug;
		};
		E9DA009116FA3B5000A76D42 /* Release */ = {
			isa = XCBuildConfiguration;
			buildSettings = {
				ALWAYS_SEARCH_USER_PATHS = NO;
				CLANG_CXX_LANGUAGE_STANDARD = "gnu++0x";
				CLANG_CXX_LIBRARY = "libc++";
				CLANG_ENABLE_OBJC_ARC = YES;
				CLANG_WARN_CONSTANT_CONVERSION = YES;
				CLANG_WARN_EMPTY_BODY = YES;
				CLANG_WARN_ENUM_CONVERSION = YES;
				CLANG_WARN_INT_CONVERSION = YES;
				CLANG_WARN__DUPLICATE_METHOD_MATCH = YES;
				"CODE_SIGN_IDENTITY[sdk=iphoneos*]" = "iPhone Developer";
				COPY_PHASE_STRIP = YES;
				GCC_C_LANGUAGE_STANDARD = gnu99;
				GCC_WARN_ABOUT_RETURN_TYPE = YES;
				GCC_WARN_UNINITIALIZED_AUTOS = YES;
				GCC_WARN_UNUSED_VARIABLE = YES;
				IPHONEOS_DEPLOYMENT_TARGET = 6.1;
				OTHER_CFLAGS = "-DNS_BLOCK_ASSERTIONS=1";
				SDKROOT = iphoneos;
				TARGETED_DEVICE_FAMILY = "1,2";
				VALIDATE_PRODUCT = YES;
			};
			name = Release;
		};
		E9DA009316FA3B5000A76D42 /* Debug */ = {
			isa = XCBuildConfiguration;
			buildSettings = {
				GCC_PRECOMPILE_PREFIX_HEADER = YES;
				GCC_PREFIX_HEADER = "LocationAwareApp/LocationAwareApp-Prefix.pch";
				INFOPLIST_FILE = "LocationAwareApp/LocationAwareApp-Info.plist";
				PRODUCT_NAME = "$(TARGET_NAME)";
				WRAPPER_EXTENSION = app;
			};
			name = Debug;
		};
		E9DA009416FA3B5000A76D42 /* Release */ = {
			isa = XCBuildConfiguration;
			buildSettings = {
				GCC_PRECOMPILE_PREFIX_HEADER = YES;
				GCC_PREFIX_HEADER = "LocationAwareApp/LocationAwareApp-Prefix.pch";
				INFOPLIST_FILE = "LocationAwareApp/LocationAwareApp-Info.plist";
				PRODUCT_NAME = "$(TARGET_NAME)";
				WRAPPER_EXTENSION = app;
			};
			name = Release;
		};
		E9DA009616FA3B5000A76D42 /* Debug */ = {
			isa = XCBuildConfiguration;
			buildSettings = {
				BUNDLE_LOADER = "$(BUILT_PRODUCTS_DIR)/LocationAwareApp.app/LocationAwareApp";
				FRAMEWORK_SEARCH_PATHS = (
					"\"$(SDKROOT)/Developer/Library/Frameworks\"",
					"\"$(DEVELOPER_LIBRARY_DIR)/Frameworks\"",
				);
				GCC_PRECOMPILE_PREFIX_HEADER = YES;
				GCC_PREFIX_HEADER = "LocationAwareApp/LocationAwareApp-Prefix.pch";
				INFOPLIST_FILE = "LocationAwareAppTests/LocationAwareAppTests-Info.plist";
				PRODUCT_NAME = "$(TARGET_NAME)";
				TEST_HOST = "$(BUNDLE_LOADER)";
				WRAPPER_EXTENSION = octest;
			};
			name = Debug;
		};
		E9DA009716FA3B5000A76D42 /* Release */ = {
			isa = XCBuildConfiguration;
			buildSettings = {
				BUNDLE_LOADER = "$(BUILT_PRODUCTS_DIR)/LocationAwareApp.app/LocationAwareApp";
				FRAMEWORK_SEARCH_PATHS = (
					"\"$(SDKROOT)/Developer/Library/Frameworks\"",
					"\"$(DEVELOPER_LIBRARY_DIR)/Frameworks\"",
				);
				GCC_PRECOMPILE_PREFIX_HEADER = YES;
				GCC_PREFIX_HEADER = "LocationAwareApp/LocationAwareApp-Prefix.pch";
				INFOPLIST_FILE = "LocationAwareAppTests/LocationAwareAppTests-Info.plist";
				PRODUCT_NAME = "$(TARGET_NAME)";
				TEST_HOST = "$(BUNDLE_LOADER)";
				WRAPPER_EXTENSION = octest;
			};
			name = Release;
		};
/* End XCBuildConfiguration section */

/* Begin XCConfigurationList section */
		E9DA005216FA3B4F00A76D42 /* Build configuration list for PBXProject "LocationAwareApp" */ = {
			isa = XCConfigurationList;
			buildConfigurations = (
				E9DA009016FA3B5000A76D42 /* Debug */,
				E9DA009116FA3B5000A76D42 /* Release */,
			);
			defaultConfigurationIsVisible = 0;
			defaultConfigurationName = Release;
		};
		E9DA009216FA3B5000A76D42 /* Build configuration list for PBXNativeTarget "LocationAwareApp" */ = {
			isa = XCConfigurationList;
			buildConfigurations = (
				E9DA009316FA3B5000A76D42 /* Debug */,
				E9DA009416FA3B5000A76D42 /* Release */,
			);
			defaultConfigurationIsVisible = 0;
			defaultConfigurationName = Release;
		};
		E9DA009516FA3B5000A76D42 /* Build configuration list for PBXNativeTarget "LocationAwareAppTests" */ = {
			isa = XCConfigurationList;
			buildConfigurations = (
				E9DA009616FA3B5000A76D42 /* Debug */,
				E9DA009716FA3B5000A76D42 /* Release */,
			);
			defaultConfigurationIsVisible = 0;
			defaultConfigurationName = Release;
		};
/* End XCConfigurationList section */
	};
	rootObject = E9DA004F16FA3B4F00A76D42 /* Project object */;
}
